
Microsoft Visual Studio Solution File, Format Version 12.00
# Visual Studio 14
VisualStudioVersion = 14.0.25123.0
MinimumVisualStudioVersion = 10.0.40219.1
Project("{FAE04EC0-301F-11D3-BF4B-00C04F79EFBC}") = "NewRelicSDKSample", "NewRelicSDKSample\NewRelicSDKSample.csproj", "{6083AB9F-3918-4BE4-ADF2-95669AC138E0}"
EndProject
Project("{FAE04EC0-301F-11D3-BF4B-00C04F79EFBC}") = "NewRelicSDK", "NewRelicSDK\NewRelicSDK.csproj", "{EF195A89-426D-44C6-8F64-29A04E167DB1}"
EndProject
Global
	GlobalSection(SolutionConfigurationPlatforms) = preSolution
		Debug|Any CPU = Debug|Any CPU
		Release|Any CPU = Release|Any CPU
	EndGlobalSection
	GlobalSection(ProjectConfigurationPlatforms) = postSolution
		{6083AB9F-3918-4BE4-ADF2-95669AC138E0}.Debug|Any CPU.ActiveCfg = Debug|Any CPU
		{6083AB9F-3918-4BE4-ADF2-95669AC138E0}.Debug|Any CPU.Build.0 = Debug|Any CPU
		{6083AB9F-3918-4BE4-ADF2-95669AC138E0}.Release|Any CPU.ActiveCfg = Release|Any CPU
		{6083AB9F-3918-4BE4-ADF2-95669AC138E0}.Release|Any CPU.Build.0 = Release|Any CPU
		{EF195A89-426D-44C6-8F64-29A04E167DB1}.Debug|Any CPU.ActiveCfg = Debug|Any CPU
		{EF195A89-426D-44C6-8F64-29A04E167DB1}.Debug|Any CPU.Build.0 = Debug|Any CPU
		{EF195A89-426D-44C6-8F64-29A04E167DB1}.Release|Any CPU.ActiveCfg = Release|Any CPU
		{EF195A89-426D-44C6-8F64-29A04E167DB1}.Release|Any CPU.Build.0 = Release|Any CPU
	EndGlobalSection
	GlobalSection(SolutionProperties) = preSolution
		HideSolutionNode = FALSE
	EndGlobalSection
EndGlobal
